
Microsoft Visual Studio Solution File, Format Version 12.00
# Visual Studio Version 17
VisualStudioVersion = 17.11.35303.130
MinimumVisualStudioVersion = 10.0.40219.1
Project("{FAE04EC0-301F-11D3-BF4B-00C04F79EFBC}") = "ShapeProject", "ShapeProject.csproj", "{3D3E212F-3FA7-4CB7-8DC3-FB905A2E85BC}"
EndProject
Global
	GlobalSection(SolutionConfigurationPlatforms) = preSolution
		Debug|Any CPU = Debug|Any CPU
		Release|Any CPU = Release|Any CPU
	EndGlobalSection
	GlobalSection(ProjectConfigurationPlatforms) = postSolution
		{3D3E212F-3FA7-4CB7-8DC3-FB905A2E85BC}.Debug|Any CPU.ActiveCfg = Debug|Any CPU
		{3D3E212F-3FA7-4CB7-8DC3-FB905A2E85BC}.Debug|Any CPU.Build.0 = Debug|Any CPU
		{3D3E212F-3FA7-4CB7-8DC3-FB905A2E85BC}.Release|Any CPU.ActiveCfg = Release|Any CPU
		{3D3E212F-3FA7-4CB7-8DC3-FB905A2E85BC}.Release|Any CPU.Build.0 = Release|Any CPU
	EndGlobalSection
	GlobalSection(SolutionProperties) = preSolution
		HideSolutionNode = FALSE
	EndGlobalSection
	GlobalSection(ExtensibilityGlobals) = postSolution
		SolutionGuid = {094A157D-6AF0-4262-AE7A-0DD41E6E41C1}
	EndGlobalSection
EndGlobal
